// !$*UTF8*$!
{
	archiveVersion = 1;
	classes = {
	};
	objectVersion = 50;
	objects = {

/* Begin PBXBuildFile section */
		BF22866027C4A1E800027960 /* 모의고사_L1.swift in Sources */ = {isa = PBXBuildFile; fileRef = BF22865F27C4A1E800027960 /* 모의고사_L1.swift */; };
		BF254F7B27CA6C0000C70CE5 /* 신고결과받기_L1.swift in Sources */ = {isa = PBXBuildFile; fileRef = BF254F7A27CA6C0000C70CE5 /* 신고결과받기_L1.swift */; };
		BF7C8CE227CDF0DB00D68FE2 /* ClimbingStairs_Easy.swift in Sources */ = {isa = PBXBuildFile; fileRef = BF7C8CE127CDF0DB00D68FE2 /* ClimbingStairs_Easy.swift */; };
		BF9375D026F970FB0023A716 /* 조이스틱_L2.swift in Sources */ = {isa = PBXBuildFile; fileRef = BF9375CF26F970FB0023A716 /* 조이스틱_L2.swift */; };
		BF9375D226FAFD830023A716 /* 큰수만들기_L2.swift in Sources */ = {isa = PBXBuildFile; fileRef = BF9375D126FAFD830023A716 /* 큰수만들기_L2.swift */; };
		BF9375D526FD6E100023A716 /* 더맵게_L2.swift in Sources */ = {isa = PBXBuildFile; fileRef = BF9375D426FD6E100023A716 /* 더맵게_L2.swift */; };
		BF9375D726FE999A0023A716 /* 디스크컨트롤러_L3.swift in Sources */ = {isa = PBXBuildFile; fileRef = BF9375D626FE999A0023A716 /* 디스크컨트롤러_L3.swift */; };
		BF9375DA26FEB20D0023A716 /* 완주하지못한선수_L1.swift in Sources */ = {isa = PBXBuildFile; fileRef = BF9375D926FEB20D0023A716 /* 완주하지못한선수_L1.swift */; };
		BF9375DC26FECD360023A716 /* 전화번호목록_L2.swift in Sources */ = {isa = PBXBuildFile; fileRef = BF9375DB26FECD360023A716 /* 전화번호목록_L2.swift */; };
		BF9375DE26FEE65F0023A716 /* 위장_L2.swift in Sources */ = {isa = PBXBuildFile; fileRef = BF9375DD26FEE65F0023A716 /* 위장_L2.swift */; };
		BF9375E327002E7F0023A716 /* 입국심사_L3.swift in Sources */ = {isa = PBXBuildFile; fileRef = BF9375E227002E7F0023A716 /* 입국심사_L3.swift */; };
		BF9C9A0C27CB19C00070405F /* 가장큰수_L2.swift in Sources */ = {isa = PBXBuildFile; fileRef = BF9C9A0B27CB19C00070405F /* 가장큰수_L2.swift */; };
		BFB81CC02707E440008ACABD /* BinarySearchTree.swift in Sources */ = {isa = PBXBuildFile; fileRef = BFB81CBF2707E440008ACABD /* BinarySearchTree.swift */; };
		BFEBDAE126F6FEB600149368 /* main.swift in Sources */ = {isa = PBXBuildFile; fileRef = BFEBDAE026F6FEB600149368 /* main.swift */; };
		BFEBDAE826F7056500149368 /* K번째수_L1.swift in Sources */ = {isa = PBXBuildFile; fileRef = BFEBDAE726F7056500149368 /* K번째수_L1.swift */; };
		BFEBDAEC26F7159E00149368 /* 체육복_L1.swift in Sources */ = {isa = PBXBuildFile; fileRef = BFEBDAEB26F7159E00149368 /* 체육복_L1.swift */; };
		BFF65361272FA89E005218AC /* 숫자문자열과영단어_L1.swift in Sources */ = {isa = PBXBuildFile; fileRef = BFF65360272FA89E005218AC /* 숫자문자열과영단어_L1.swift */; };
		F5F1C13C2720E0EE006F73E7 /* 기능개발_L2.swift in Sources */ = {isa = PBXBuildFile; fileRef = F5F1C13B2720E0EE006F73E7 /* 기능개발_L2.swift */; };
/* End PBXBuildFile section */

/* Begin PBXCopyFilesBuildPhase section */
		BFEBDADB26F6FEB600149368 /* CopyFiles */ = {
			isa = PBXCopyFilesBuildPhase;
			buildActionMask = 2147483647;
			dstPath = /usr/share/man/man1/;
			dstSubfolderSpec = 0;
			files = (
			);
			runOnlyForDeploymentPostprocessing = 1;
		};
/* End PBXCopyFilesBuildPhase section */

/* Begin PBXFileReference section */
		BF22865F27C4A1E800027960 /* 모의고사_L1.swift */ = {isa = PBXFileReference; lastKnownFileType = sourcecode.swift; path = "모의고사_L1.swift"; sourceTree = "<group>"; };
		BF254F7A27CA6C0000C70CE5 /* 신고결과받기_L1.swift */ = {isa = PBXFileReference; lastKnownFileType = sourcecode.swift; path = "신고결과받기_L1.swift"; sourceTree = "<group>"; };
		BF7C8CE127CDF0DB00D68FE2 /* ClimbingStairs_Easy.swift */ = {isa = PBXFileReference; lastKnownFileType = sourcecode.swift; path = ClimbingStairs_Easy.swift; sourceTree = "<group>"; };
		BF9375CF26F970FB0023A716 /* 조이스틱_L2.swift */ = {isa = PBXFileReference; lastKnownFileType = sourcecode.swift; path = "조이스틱_L2.swift"; sourceTree = "<group>"; };
		BF9375D126FAFD830023A716 /* 큰수만들기_L2.swift */ = {isa = PBXFileReference; lastKnownFileType = sourcecode.swift; path = "큰수만들기_L2.swift"; sourceTree = "<group>"; };
		BF9375D426FD6E100023A716 /* 더맵게_L2.swift */ = {isa = PBXFileReference; lastKnownFileType = sourcecode.swift; path = "더맵게_L2.swift"; sourceTree = "<group>"; };
		BF9375D626FE999A0023A716 /* 디스크컨트롤러_L3.swift */ = {isa = PBXFileReference; lastKnownFileType = sourcecode.swift; path = "디스크컨트롤러_L3.swift"; sourceTree = "<group>"; };
		BF9375D926FEB20D0023A716 /* 완주하지못한선수_L1.swift */ = {isa = PBXFileReference; lastKnownFileType = sourcecode.swift; path = "완주하지못한선수_L1.swift"; sourceTree = "<group>"; };
		BF9375DB26FECD360023A716 /* 전화번호목록_L2.swift */ = {isa = PBXFileReference; lastKnownFileType = sourcecode.swift; path = "전화번호목록_L2.swift"; sourceTree = "<group>"; };
		BF9375DD26FEE65F0023A716 /* 위장_L2.swift */ = {isa = PBXFileReference; lastKnownFileType = sourcecode.swift; path = "위장_L2.swift"; sourceTree = "<group>"; };
		BF9375E026FEE7F10023A716 /* README.md */ = {isa = PBXFileReference; lastKnownFileType = net.daringfireball.markdown; path = README.md; sourceTree = "<group>"; };
		BF9375E227002E7F0023A716 /* 입국심사_L3.swift */ = {isa = PBXFileReference; lastKnownFileType = sourcecode.swift; path = "입국심사_L3.swift"; sourceTree = "<group>"; };
		BF9C9A0B27CB19C00070405F /* 가장큰수_L2.swift */ = {isa = PBXFileReference; lastKnownFileType = sourcecode.swift; path = "가장큰수_L2.swift"; sourceTree = "<group>"; };
		BFB81CBF2707E440008ACABD /* BinarySearchTree.swift */ = {isa = PBXFileReference; lastKnownFileType = sourcecode.swift; path = BinarySearchTree.swift; sourceTree = "<group>"; };
		BFEBDADD26F6FEB600149368 /* ProblemSolving */ = {isa = PBXFileReference; explicitFileType = "compiled.mach-o.executable"; includeInIndex = 0; path = ProblemSolving; sourceTree = BUILT_PRODUCTS_DIR; };
		BFEBDAE026F6FEB600149368 /* main.swift */ = {isa = PBXFileReference; lastKnownFileType = sourcecode.swift; path = main.swift; sourceTree = "<group>"; };
		BFEBDAE726F7056500149368 /* K번째수_L1.swift */ = {isa = PBXFileReference; lastKnownFileType = sourcecode.swift; path = "K번째수_L1.swift"; sourceTree = "<group>"; };
		BFEBDAEB26F7159E00149368 /* 체육복_L1.swift */ = {isa = PBXFileReference; lastKnownFileType = sourcecode.swift; path = "체육복_L1.swift"; sourceTree = "<group>"; };
		BFF65360272FA89E005218AC /* 숫자문자열과영단어_L1.swift */ = {isa = PBXFileReference; lastKnownFileType = sourcecode.swift; path = "숫자문자열과영단어_L1.swift"; sourceTree = "<group>"; };
		F5F1C13B2720E0EE006F73E7 /* 기능개발_L2.swift */ = {isa = PBXFileReference; lastKnownFileType = sourcecode.swift; path = "기능개발_L2.swift"; sourceTree = "<group>"; };
/* End PBXFileReference section */

/* Begin PBXFrameworksBuildPhase section */
		BFEBDADA26F6FEB600149368 /* Frameworks */ = {
			isa = PBXFrameworksBuildPhase;
			buildActionMask = 2147483647;
			files = (
			);
			runOnlyForDeploymentPostprocessing = 0;
		};
/* End PBXFrameworksBuildPhase section */

/* Begin PBXGroup section */
		BF22865E27C4A1C300027960 /* BruteForce */ = {
			isa = PBXGroup;
			children = (
				BF22865F27C4A1E800027960 /* 모의고사_L1.swift */,
			);
			path = BruteForce;
			sourceTree = "<group>";
		};
		BF254F7927CA6BEC00C70CE5 /* Kakao2022 */ = {
			isa = PBXGroup;
			children = (
				BF254F7A27CA6C0000C70CE5 /* 신고결과받기_L1.swift */,
			);
			path = Kakao2022;
			sourceTree = "<group>";
		};
		BF7C8CDF27CDF09A00D68FE2 /* LeetCode */ = {
			isa = PBXGroup;
			children = (
				BF7C8CE027CDF0B800D68FE2 /* DynamicProgramming */,
			);
			path = LeetCode;
			sourceTree = "<group>";
		};
		BF7C8CE027CDF0B800D68FE2 /* DynamicProgramming */ = {
			isa = PBXGroup;
			children = (
				BF7C8CE127CDF0DB00D68FE2 /* ClimbingStairs_Easy.swift */,
			);
			path = DynamicProgramming;
			sourceTree = "<group>";
		};
		BF9375D326FD6DFA0023A716 /* Heap */ = {
			isa = PBXGroup;
			children = (
				BF9375D426FD6E100023A716 /* 더맵게_L2.swift */,
				BF9375D626FE999A0023A716 /* 디스크컨트롤러_L3.swift */,
			);
			path = Heap;
			sourceTree = "<group>";
		};
		BF9375D826FEB2050023A716 /* Hash */ = {
			isa = PBXGroup;
			children = (
				BF9375D926FEB20D0023A716 /* 완주하지못한선수_L1.swift */,
				BF9375DB26FECD360023A716 /* 전화번호목록_L2.swift */,
				BF9375DD26FEE65F0023A716 /* 위장_L2.swift */,
			);
			path = Hash;
			sourceTree = "<group>";
		};
		BF9375DF26FEE7D60023A716 /* Programmers */ = {
			isa = PBXGroup;
			children = (
				BF254F7927CA6BEC00C70CE5 /* Kakao2022 */,
				BFF6535F272FA887005218AC /* Kakao2021 */,
				BF22865E27C4A1C300027960 /* BruteForce */,
				F5F1C13A2720E0DC006F73E7 /* Stack_Queue */,
				BF9375D826FEB2050023A716 /* Hash */,
				BF9375D326FD6DFA0023A716 /* Heap */,
				BFEBDAEA26F7159500149368 /* Greedy */,
				BFEBDAE926F7056800149368 /* Sort */,
				BF9375E127002E550023A716 /* BinarySearch */,
				BF9375E026FEE7F10023A716 /* README.md */,
			);
			path = Programmers;
			sourceTree = "<group>";
		};
		BF9375E127002E550023A716 /* BinarySearch */ = {
			isa = PBXGroup;
			children = (
				BF9375E227002E7F0023A716 /* 입국심사_L3.swift */,
			);
			path = BinarySearch;
			sourceTree = "<group>";
		};
		BFB81CBE2707E42E008ACABD /* DataStructure */ = {
			isa = PBXGroup;
			children = (
				BFB81CBF2707E440008ACABD /* BinarySearchTree.swift */,
			);
			path = DataStructure;
			sourceTree = "<group>";
		};
		BFEBDAD426F6FEB600149368 = {
			isa = PBXGroup;
			children = (
				BFEBDADF26F6FEB600149368 /* ProblemSolving */,
				BFEBDADE26F6FEB600149368 /* Products */,
			);
			sourceTree = "<group>";
		};
		BFEBDADE26F6FEB600149368 /* Products */ = {
			isa = PBXGroup;
			children = (
				BFEBDADD26F6FEB600149368 /* ProblemSolving */,
			);
			name = Products;
			sourceTree = "<group>";
		};
		BFEBDADF26F6FEB600149368 /* ProblemSolving */ = {
			isa = PBXGroup;
			children = (
				BFB81CBE2707E42E008ACABD /* DataStructure */,
				BF7C8CDF27CDF09A00D68FE2 /* LeetCode */,
				BF9375DF26FEE7D60023A716 /* Programmers */,
				BFEBDAE026F6FEB600149368 /* main.swift */,
			);
			path = ProblemSolving;
			sourceTree = "<group>";
		};
		BFEBDAE926F7056800149368 /* Sort */ = {
			isa = PBXGroup;
			children = (
				BFEBDAE726F7056500149368 /* K번째수_L1.swift */,
				BF9C9A0B27CB19C00070405F /* 가장큰수_L2.swift */,
			);
			path = Sort;
			sourceTree = "<group>";
		};
		BFEBDAEA26F7159500149368 /* Greedy */ = {
			isa = PBXGroup;
			children = (
				BFEBDAEB26F7159E00149368 /* 체육복_L1.swift */,
				BF9375CF26F970FB0023A716 /* 조이스틱_L2.swift */,
				BF9375D126FAFD830023A716 /* 큰수만들기_L2.swift */,
			);
			path = Greedy;
			sourceTree = "<group>";
		};
		BFF6535F272FA887005218AC /* Kakao2021 */ = {
			isa = PBXGroup;
			children = (
				BFF65360272FA89E005218AC /* 숫자문자열과영단어_L1.swift */,
			);
			path = Kakao2021;
			sourceTree = "<group>";
		};
		F5F1C13A2720E0DC006F73E7 /* Stack_Queue */ = {
			isa = PBXGroup;
			children = (
				F5F1C13B2720E0EE006F73E7 /* 기능개발_L2.swift */,
			);
			path = Stack_Queue;
			sourceTree = "<group>";
		};
/* End PBXGroup section */

/* Begin PBXNativeTarget section */
		BFEBDADC26F6FEB600149368 /* ProblemSolving */ = {
			isa = PBXNativeTarget;
			buildConfigurationList = BFEBDAE426F6FEB600149368 /* Build configuration list for PBXNativeTarget "ProblemSolving" */;
			buildPhases = (
				BFEBDAD926F6FEB600149368 /* Sources */,
				BFEBDADA26F6FEB600149368 /* Frameworks */,
				BFEBDADB26F6FEB600149368 /* CopyFiles */,
			);
			buildRules = (
			);
			dependencies = (
			);
			name = ProblemSolving;
			productName = ProblemSolving;
			productReference = BFEBDADD26F6FEB600149368 /* ProblemSolving */;
			productType = "com.apple.product-type.tool";
		};
/* End PBXNativeTarget section */

/* Begin PBXProject section */
		BFEBDAD526F6FEB600149368 /* Project object */ = {
			isa = PBXProject;
			attributes = {
				LastSwiftUpdateCheck = 1250;
				LastUpgradeCheck = 1250;
				TargetAttributes = {
					BFEBDADC26F6FEB600149368 = {
						CreatedOnToolsVersion = 12.5;
					};
				};
			};
			buildConfigurationList = BFEBDAD826F6FEB600149368 /* Build configuration list for PBXProject "ProblemSolving" */;
			compatibilityVersion = "Xcode 9.3";
			developmentRegion = en;
			hasScannedForEncodings = 0;
			knownRegions = (
				en,
				Base,
			);
			mainGroup = BFEBDAD426F6FEB600149368;
			productRefGroup = BFEBDADE26F6FEB600149368 /* Products */;
			projectDirPath = "";
			projectRoot = "";
			targets = (
				BFEBDADC26F6FEB600149368 /* ProblemSolving */,
			);
		};
/* End PBXProject section */

/* Begin PBXSourcesBuildPhase section */
		BFEBDAD926F6FEB600149368 /* Sources */ = {
			isa = PBXSourcesBuildPhase;
			buildActionMask = 2147483647;
			files = (
				BF9375E327002E7F0023A716 /* 입국심사_L3.swift in Sources */,
				BF9375DC26FECD360023A716 /* 전화번호목록_L2.swift in Sources */,
				BF7C8CE227CDF0DB00D68FE2 /* ClimbingStairs_Easy.swift in Sources */,
				BF9C9A0C27CB19C00070405F /* 가장큰수_L2.swift in Sources */,
				BF9375D026F970FB0023A716 /* 조이스틱_L2.swift in Sources */,
				BFF65361272FA89E005218AC /* 숫자문자열과영단어_L1.swift in Sources */,
				BF9375D726FE999A0023A716 /* 디스크컨트롤러_L3.swift in Sources */,
				BF22866027C4A1E800027960 /* 모의고사_L1.swift in Sources */,
				BF9375DA26FEB20D0023A716 /* 완주하지못한선수_L1.swift in Sources */,
				BF9375DE26FEE65F0023A716 /* 위장_L2.swift in Sources */,
				F5F1C13C2720E0EE006F73E7 /* 기능개발_L2.swift in Sources */,
				BF9375D226FAFD830023A716 /* 큰수만들기_L2.swift in Sources */,
				BF9375D526FD6E100023A716 /* 더맵게_L2.swift in Sources */,
				BFB81CC02707E440008ACABD /* BinarySearchTree.swift in Sources */,
				BF254F7B27CA6C0000C70CE5 /* 신고결과받기_L1.swift in Sources */,
				BFEBDAE126F6FEB600149368 /* main.swift in Sources */,
				BFEBDAE826F7056500149368 /* K번째수_L1.swift in Sources */,
				BFEBDAEC26F7159E00149368 /* 체육복_L1.swift in Sources */,
			);
			runOnlyForDeploymentPostprocessing = 0;
		};
/* End PBXSourcesBuildPhase section */

/* Begin XCBuildConfiguration section */
		BFEBDAE226F6FEB600149368 /* Debug */ = {
			isa = XCBuildConfiguration;
			buildSettings = {
				ALWAYS_SEARCH_USER_PATHS = NO;
				CLANG_ANALYZER_NONNULL = YES;
				CLANG_ANALYZER_NUMBER_OBJECT_CONVERSION = YES_AGGRESSIVE;
				CLANG_CXX_LANGUAGE_STANDARD = "gnu++14";
				CLANG_CXX_LIBRARY = "libc++";
				CLANG_ENABLE_MODULES = YES;
				CLANG_ENABLE_OBJC_ARC = YES;
				CLANG_ENABLE_OBJC_WEAK = YES;
				CLANG_WARN_BLOCK_CAPTURE_AUTORELEASING = YES;
				CLANG_WARN_BOOL_CONVERSION = YES;
				CLANG_WARN_COMMA = YES;
				CLANG_WARN_CONSTANT_CONVERSION = YES;
				CLANG_WARN_DEPRECATED_OBJC_IMPLEMENTATIONS = YES;
				CLANG_WARN_DIRECT_OBJC_ISA_USAGE = YES_ERROR;
				CLANG_WARN_DOCUMENTATION_COMMENTS = YES;
				CLANG_WARN_EMPTY_BODY = YES;
				CLANG_WARN_ENUM_CONVERSION = YES;
				CLANG_WARN_INFINITE_RECURSION = YES;
				CLANG_WARN_INT_CONVERSION = YES;
				CLANG_WARN_NON_LITERAL_NULL_CONVERSION = YES;
				CLANG_WARN_OBJC_IMPLICIT_RETAIN_SELF = YES;
				CLANG_WARN_OBJC_LITERAL_CONVERSION = YES;
				CLANG_WARN_OBJC_ROOT_CLASS = YES_ERROR;
				CLANG_WARN_QUOTED_INCLUDE_IN_FRAMEWORK_HEADER = YES;
				CLANG_WARN_RANGE_LOOP_ANALYSIS = YES;
				CLANG_WARN_STRICT_PROTOTYPES = YES;
				CLANG_WARN_SUSPICIOUS_MOVE = YES;
				CLANG_WARN_UNGUARDED_AVAILABILITY = YES_AGGRESSIVE;
				CLANG_WARN_UNREACHABLE_CODE = YES;
				CLANG_WARN__DUPLICATE_METHOD_MATCH = YES;
				COPY_PHASE_STRIP = NO;
				DEBUG_INFORMATION_FORMAT = dwarf;
				ENABLE_STRICT_OBJC_MSGSEND = YES;
				ENABLE_TESTABILITY = YES;
				GCC_C_LANGUAGE_STANDARD = gnu11;
				GCC_DYNAMIC_NO_PIC = NO;
				GCC_NO_COMMON_BLOCKS = YES;
				GCC_OPTIMIZATION_LEVEL = 0;
				GCC_PREPROCESSOR_DEFINITIONS = (
					"DEBUG=1",
					"$(inherited)",
				);
				GCC_WARN_64_TO_32_BIT_CONVERSION = YES;
				GCC_WARN_ABOUT_RETURN_TYPE = YES_ERROR;
				GCC_WARN_UNDECLARED_SELECTOR = YES;
				GCC_WARN_UNINITIALIZED_AUTOS = YES_AGGRESSIVE;
				GCC_WARN_UNUSED_FUNCTION = YES;
				GCC_WARN_UNUSED_VARIABLE = YES;
				MACOSX_DEPLOYMENT_TARGET = 11.3;
				MTL_ENABLE_DEBUG_INFO = INCLUDE_SOURCE;
				MTL_FAST_MATH = YES;
				ONLY_ACTIVE_ARCH = YES;
				SDKROOT = macosx;
				SWIFT_ACTIVE_COMPILATION_CONDITIONS = DEBUG;
				SWIFT_OPTIMIZATION_LEVEL = "-Onone";
			};
			name = Debug;
		};
		BFEBDAE326F6FEB600149368 /* Release */ = {
			isa = XCBuildConfiguration;
			buildSettings = {
				ALWAYS_SEARCH_USER_PATHS = NO;
				CLANG_ANALYZER_NONNULL = YES;
				CLANG_ANALYZER_NUMBER_OBJECT_CONVERSION = YES_AGGRESSIVE;
				CLANG_CXX_LANGUAGE_STANDARD = "gnu++14";
				CLANG_CXX_LIBRARY = "libc++";
				CLANG_ENABLE_MODULES = YES;
				CLANG_ENABLE_OBJC_ARC = YES;
				CLANG_ENABLE_OBJC_WEAK = YES;
				CLANG_WARN_BLOCK_CAPTURE_AUTORELEASING = YES;
				CLANG_WARN_BOOL_CONVERSION = YES;
				CLANG_WARN_COMMA = YES;
				CLANG_WARN_CONSTANT_CONVERSION = YES;
				CLANG_WARN_DEPRECATED_OBJC_IMPLEMENTATIONS = YES;
				CLANG_WARN_DIRECT_OBJC_ISA_USAGE = YES_ERROR;
				CLANG_WARN_DOCUMENTATION_COMMENTS = YES;
				CLANG_WARN_EMPTY_BODY = YES;
				CLANG_WARN_ENUM_CONVERSION = YES;
				CLANG_WARN_INFINITE_RECURSION = YES;
				CLANG_WARN_INT_CONVERSION = YES;
				CLANG_WARN_NON_LITERAL_NULL_CONVERSION = YES;
				CLANG_WARN_OBJC_IMPLICIT_RETAIN_SELF = YES;
				CLANG_WARN_OBJC_LITERAL_CONVERSION = YES;
				CLANG_WARN_OBJC_ROOT_CLASS = YES_ERROR;
				CLANG_WARN_QUOTED_INCLUDE_IN_FRAMEWORK_HEADER = YES;
				CLANG_WARN_RANGE_LOOP_ANALYSIS = YES;
				CLANG_WARN_STRICT_PROTOTYPES = YES;
				CLANG_WARN_SUSPICIOUS_MOVE = YES;
				CLANG_WARN_UNGUARDED_AVAILABILITY = YES_AGGRESSIVE;
				CLANG_WARN_UNREACHABLE_CODE = YES;
				CLANG_WARN__DUPLICATE_METHOD_MATCH = YES;
				COPY_PHASE_STRIP = NO;
				DEBUG_INFORMATION_FORMAT = "dwarf-with-dsym";
				ENABLE_NS_ASSERTIONS = NO;
				ENABLE_STRICT_OBJC_MSGSEND = YES;
				GCC_C_LANGUAGE_STANDARD = gnu11;
				GCC_NO_COMMON_BLOCKS = YES;
				GCC_WARN_64_TO_32_BIT_CONVERSION = YES;
				GCC_WARN_ABOUT_RETURN_TYPE = YES_ERROR;
				GCC_WARN_UNDECLARED_SELECTOR = YES;
				GCC_WARN_UNINITIALIZED_AUTOS = YES_AGGRESSIVE;
				GCC_WARN_UNUSED_FUNCTION = YES;
				GCC_WARN_UNUSED_VARIABLE = YES;
				MACOSX_DEPLOYMENT_TARGET = 11.3;
				MTL_ENABLE_DEBUG_INFO = NO;
				MTL_FAST_MATH = YES;
				SDKROOT = macosx;
				SWIFT_COMPILATION_MODE = wholemodule;
				SWIFT_OPTIMIZATION_LEVEL = "-O";
			};
			name = Release;
		};
		BFEBDAE526F6FEB600149368 /* Debug */ = {
			isa = XCBuildConfiguration;
			buildSettings = {
				CODE_SIGN_STYLE = Automatic;
				DEVELOPMENT_TEAM = G99VW8TP32;
				ENABLE_HARDENED_RUNTIME = YES;
				PRODUCT_NAME = "$(TARGET_NAME)";
				SWIFT_VERSION = 5.0;
			};
			name = Debug;
		};
		BFEBDAE626F6FEB600149368 /* Release */ = {
			isa = XCBuildConfiguration;
			buildSettings = {
				CODE_SIGN_STYLE = Automatic;
				DEVELOPMENT_TEAM = G99VW8TP32;
				ENABLE_HARDENED_RUNTIME = YES;
				PRODUCT_NAME = "$(TARGET_NAME)";
				SWIFT_VERSION = 5.0;
			};
			name = Release;
		};
/* End XCBuildConfiguration section */

/* Begin XCConfigurationList section */
		BFEBDAD826F6FEB600149368 /* Build configuration list for PBXProject "ProblemSolving" */ = {
			isa = XCConfigurationList;
			buildConfigurations = (
				BFEBDAE226F6FEB600149368 /* Debug */,
				BFEBDAE326F6FEB600149368 /* Release */,
			);
			defaultConfigurationIsVisible = 0;
			defaultConfigurationName = Release;
		};
		BFEBDAE426F6FEB600149368 /* Build configuration list for PBXNativeTarget "ProblemSolving" */ = {
			isa = XCConfigurationList;
			buildConfigurations = (
				BFEBDAE526F6FEB600149368 /* Debug */,
				BFEBDAE626F6FEB600149368 /* Release */,
			);
			defaultConfigurationIsVisible = 0;
			defaultConfigurationName = Release;
		};
/* End XCConfigurationList section */
	};
	rootObject = BFEBDAD526F6FEB600149368 /* Project object */;
}
