// !$*UTF8*$!
{
	archiveVersion = 1;
	classes = {
	};
	objectVersion = 50;
	objects = {

/* Begin PBXBuildFile section */
		BF9375D026F970FB0023A716 /* 조이스틱_2.swift in Sources */ = {isa = PBXBuildFile; fileRef = BF9375CF26F970FB0023A716 /* 조이스틱_2.swift */; };
		BF9375D226FAFD830023A716 /* 큰수만들기_2.swift in Sources */ = {isa = PBXBuildFile; fileRef = BF9375D126FAFD830023A716 /* 큰수만들기_2.swift */; };
		BF9375D526FD6E100023A716 /* 더맵게_2.swift in Sources */ = {isa = PBXBuildFile; fileRef = BF9375D426FD6E100023A716 /* 더맵게_2.swift */; };
		BF9375D726FE999A0023A716 /* 디스크컨트롤러_3.swift in Sources */ = {isa = PBXBuildFile; fileRef = BF9375D626FE999A0023A716 /* 디스크컨트롤러_3.swift */; };
		BFEBDAE126F6FEB600149368 /* main.swift in Sources */ = {isa = PBXBuildFile; fileRef = BFEBDAE026F6FEB600149368 /* main.swift */; };
		BFEBDAE826F7056500149368 /* K번째수_1.swift in Sources */ = {isa = PBXBuildFile; fileRef = BFEBDAE726F7056500149368 /* K번째수_1.swift */; };
		BFEBDAEC26F7159E00149368 /* 체육복_1.swift in Sources */ = {isa = PBXBuildFile; fileRef = BFEBDAEB26F7159E00149368 /* 체육복_1.swift */; };
/* End PBXBuildFile section */

/* Begin PBXCopyFilesBuildPhase section */
		BFEBDADB26F6FEB600149368 /* CopyFiles */ = {
			isa = PBXCopyFilesBuildPhase;
			buildActionMask = 2147483647;
			dstPath = /usr/share/man/man1/;
			dstSubfolderSpec = 0;
			files = (
			);
			runOnlyForDeploymentPostprocessing = 1;
		};
/* End PBXCopyFilesBuildPhase section */

/* Begin PBXFileReference section */
		BF9375CF26F970FB0023A716 /* 조이스틱_2.swift */ = {isa = PBXFileReference; lastKnownFileType = sourcecode.swift; path = "조이스틱_2.swift"; sourceTree = "<group>"; };
		BF9375D126FAFD830023A716 /* 큰수만들기_2.swift */ = {isa = PBXFileReference; lastKnownFileType = sourcecode.swift; path = "큰수만들기_2.swift"; sourceTree = "<group>"; };
		BF9375D426FD6E100023A716 /* 더맵게_2.swift */ = {isa = PBXFileReference; lastKnownFileType = sourcecode.swift; path = "더맵게_2.swift"; sourceTree = "<group>"; };
		BF9375D626FE999A0023A716 /* 디스크컨트롤러_3.swift */ = {isa = PBXFileReference; lastKnownFileType = sourcecode.swift; path = "디스크컨트롤러_3.swift"; sourceTree = "<group>"; };
		BFEBDADD26F6FEB600149368 /* ProblemSolving */ = {isa = PBXFileReference; explicitFileType = "compiled.mach-o.executable"; includeInIndex = 0; path = ProblemSolving; sourceTree = BUILT_PRODUCTS_DIR; };
		BFEBDAE026F6FEB600149368 /* main.swift */ = {isa = PBXFileReference; lastKnownFileType = sourcecode.swift; path = main.swift; sourceTree = "<group>"; };
		BFEBDAE726F7056500149368 /* K번째수_1.swift */ = {isa = PBXFileReference; lastKnownFileType = sourcecode.swift; path = "K번째수_1.swift"; sourceTree = "<group>"; };
		BFEBDAEB26F7159E00149368 /* 체육복_1.swift */ = {isa = PBXFileReference; lastKnownFileType = sourcecode.swift; path = "체육복_1.swift"; sourceTree = "<group>"; };
/* End PBXFileReference section */

/* Begin PBXFrameworksBuildPhase section */
		BFEBDADA26F6FEB600149368 /* Frameworks */ = {
			isa = PBXFrameworksBuildPhase;
			buildActionMask = 2147483647;
			files = (
			);
			runOnlyForDeploymentPostprocessing = 0;
		};
/* End PBXFrameworksBuildPhase section */

/* Begin PBXGroup section */
		BF9375D326FD6DFA0023A716 /* Heap */ = {
			isa = PBXGroup;
			children = (
				BF9375D426FD6E100023A716 /* 더맵게_2.swift */,
				BF9375D626FE999A0023A716 /* 디스크컨트롤러_3.swift */,
			);
			path = Heap;
			sourceTree = "<group>";
		};
		BFEBDAD426F6FEB600149368 = {
			isa = PBXGroup;
			children = (
				BFEBDADF26F6FEB600149368 /* ProblemSolving */,
				BFEBDADE26F6FEB600149368 /* Products */,
			);
			sourceTree = "<group>";
		};
		BFEBDADE26F6FEB600149368 /* Products */ = {
			isa = PBXGroup;
			children = (
				BFEBDADD26F6FEB600149368 /* ProblemSolving */,
			);
			name = Products;
			sourceTree = "<group>";
		};
		BFEBDADF26F6FEB600149368 /* ProblemSolving */ = {
			isa = PBXGroup;
			children = (
				BF9375D326FD6DFA0023A716 /* Heap */,
				BFEBDAEA26F7159500149368 /* Greedy */,
				BFEBDAE926F7056800149368 /* Sort */,
				BFEBDAE026F6FEB600149368 /* main.swift */,
			);
			path = ProblemSolving;
			sourceTree = "<group>";
		};
		BFEBDAE926F7056800149368 /* Sort */ = {
			isa = PBXGroup;
			children = (
				BFEBDAE726F7056500149368 /* K번째수_1.swift */,
			);
			path = Sort;
			sourceTree = "<group>";
		};
		BFEBDAEA26F7159500149368 /* Greedy */ = {
			isa = PBXGroup;
			children = (
				BFEBDAEB26F7159E00149368 /* 체육복_1.swift */,
				BF9375CF26F970FB0023A716 /* 조이스틱_2.swift */,
				BF9375D126FAFD830023A716 /* 큰수만들기_2.swift */,
			);
			path = Greedy;
			sourceTree = "<group>";
		};
/* End PBXGroup section */

/* Begin PBXNativeTarget section */
		BFEBDADC26F6FEB600149368 /* ProblemSolving */ = {
			isa = PBXNativeTarget;
			buildConfigurationList = BFEBDAE426F6FEB600149368 /* Build configuration list for PBXNativeTarget "ProblemSolving" */;
			buildPhases = (
				BFEBDAD926F6FEB600149368 /* Sources */,
				BFEBDADA26F6FEB600149368 /* Frameworks */,
				BFEBDADB26F6FEB600149368 /* CopyFiles */,
			);
			buildRules = (
			);
			dependencies = (
			);
			name = ProblemSolving;
			productName = ProblemSolving;
			productReference = BFEBDADD26F6FEB600149368 /* ProblemSolving */;
			productType = "com.apple.product-type.tool";
		};
/* End PBXNativeTarget section */

/* Begin PBXProject section */
		BFEBDAD526F6FEB600149368 /* Project object */ = {
			isa = PBXProject;
			attributes = {
				LastSwiftUpdateCheck = 1250;
				LastUpgradeCheck = 1250;
				TargetAttributes = {
					BFEBDADC26F6FEB600149368 = {
						CreatedOnToolsVersion = 12.5;
					};
				};
			};
			buildConfigurationList = BFEBDAD826F6FEB600149368 /* Build configuration list for PBXProject "ProblemSolving" */;
			compatibilityVersion = "Xcode 9.3";
			developmentRegion = en;
			hasScannedForEncodings = 0;
			knownRegions = (
				en,
				Base,
			);
			mainGroup = BFEBDAD426F6FEB600149368;
			productRefGroup = BFEBDADE26F6FEB600149368 /* Products */;
			projectDirPath = "";
			projectRoot = "";
			targets = (
				BFEBDADC26F6FEB600149368 /* ProblemSolving */,
			);
		};
/* End PBXProject section */

/* Begin PBXSourcesBuildPhase section */
		BFEBDAD926F6FEB600149368 /* Sources */ = {
			isa = PBXSourcesBuildPhase;
			buildActionMask = 2147483647;
			files = (
				BF9375D026F970FB0023A716 /* 조이스틱_2.swift in Sources */,
				BF9375D726FE999A0023A716 /* 디스크컨트롤러_3.swift in Sources */,
				BF9375D226FAFD830023A716 /* 큰수만들기_2.swift in Sources */,
				BF9375D526FD6E100023A716 /* 더맵게_2.swift in Sources */,
				BFEBDAE126F6FEB600149368 /* main.swift in Sources */,
				BFEBDAE826F7056500149368 /* K번째수_1.swift in Sources */,
				BFEBDAEC26F7159E00149368 /* 체육복_1.swift in Sources */,
			);
			runOnlyForDeploymentPostprocessing = 0;
		};
/* End PBXSourcesBuildPhase section */

/* Begin XCBuildConfiguration section */
		BFEBDAE226F6FEB600149368 /* Debug */ = {
			isa = XCBuildConfiguration;
			buildSettings = {
				ALWAYS_SEARCH_USER_PATHS = NO;
				CLANG_ANALYZER_NONNULL = YES;
				CLANG_ANALYZER_NUMBER_OBJECT_CONVERSION = YES_AGGRESSIVE;
				CLANG_CXX_LANGUAGE_STANDARD = "gnu++14";
				CLANG_CXX_LIBRARY = "libc++";
				CLANG_ENABLE_MODULES = YES;
				CLANG_ENABLE_OBJC_ARC = YES;
				CLANG_ENABLE_OBJC_WEAK = YES;
				CLANG_WARN_BLOCK_CAPTURE_AUTORELEASING = YES;
				CLANG_WARN_BOOL_CONVERSION = YES;
				CLANG_WARN_COMMA = YES;
				CLANG_WARN_CONSTANT_CONVERSION = YES;
				CLANG_WARN_DEPRECATED_OBJC_IMPLEMENTATIONS = YES;
				CLANG_WARN_DIRECT_OBJC_ISA_USAGE = YES_ERROR;
				CLANG_WARN_DOCUMENTATION_COMMENTS = YES;
				CLANG_WARN_EMPTY_BODY = YES;
				CLANG_WARN_ENUM_CONVERSION = YES;
				CLANG_WARN_INFINITE_RECURSION = YES;
				CLANG_WARN_INT_CONVERSION = YES;
				CLANG_WARN_NON_LITERAL_NULL_CONVERSION = YES;
				CLANG_WARN_OBJC_IMPLICIT_RETAIN_SELF = YES;
				CLANG_WARN_OBJC_LITERAL_CONVERSION = YES;
				CLANG_WARN_OBJC_ROOT_CLASS = YES_ERROR;
				CLANG_WARN_QUOTED_INCLUDE_IN_FRAMEWORK_HEADER = YES;
				CLANG_WARN_RANGE_LOOP_ANALYSIS = YES;
				CLANG_WARN_STRICT_PROTOTYPES = YES;
				CLANG_WARN_SUSPICIOUS_MOVE = YES;
				CLANG_WARN_UNGUARDED_AVAILABILITY = YES_AGGRESSIVE;
				CLANG_WARN_UNREACHABLE_CODE = YES;
				CLANG_WARN__DUPLICATE_METHOD_MATCH = YES;
				COPY_PHASE_STRIP = NO;
				DEBUG_INFORMATION_FORMAT = dwarf;
				ENABLE_STRICT_OBJC_MSGSEND = YES;
				ENABLE_TESTABILITY = YES;
				GCC_C_LANGUAGE_STANDARD = gnu11;
				GCC_DYNAMIC_NO_PIC = NO;
				GCC_NO_COMMON_BLOCKS = YES;
				GCC_OPTIMIZATION_LEVEL = 0;
				GCC_PREPROCESSOR_DEFINITIONS = (
					"DEBUG=1",
					"$(inherited)",
				);
				GCC_WARN_64_TO_32_BIT_CONVERSION = YES;
				GCC_WARN_ABOUT_RETURN_TYPE = YES_ERROR;
				GCC_WARN_UNDECLARED_SELECTOR = YES;
				GCC_WARN_UNINITIALIZED_AUTOS = YES_AGGRESSIVE;
				GCC_WARN_UNUSED_FUNCTION = YES;
				GCC_WARN_UNUSED_VARIABLE = YES;
				MACOSX_DEPLOYMENT_TARGET = 11.3;
				MTL_ENABLE_DEBUG_INFO = INCLUDE_SOURCE;
				MTL_FAST_MATH = YES;
				ONLY_ACTIVE_ARCH = YES;
				SDKROOT = macosx;
				SWIFT_ACTIVE_COMPILATION_CONDITIONS = DEBUG;
				SWIFT_OPTIMIZATION_LEVEL = "-Onone";
			};
			name = Debug;
		};
		BFEBDAE326F6FEB600149368 /* Release */ = {
			isa = XCBuildConfiguration;
			buildSettings = {
				ALWAYS_SEARCH_USER_PATHS = NO;
				CLANG_ANALYZER_NONNULL = YES;
				CLANG_ANALYZER_NUMBER_OBJECT_CONVERSION = YES_AGGRESSIVE;
				CLANG_CXX_LANGUAGE_STANDARD = "gnu++14";
				CLANG_CXX_LIBRARY = "libc++";
				CLANG_ENABLE_MODULES = YES;
				CLANG_ENABLE_OBJC_ARC = YES;
				CLANG_ENABLE_OBJC_WEAK = YES;
				CLANG_WARN_BLOCK_CAPTURE_AUTORELEASING = YES;
				CLANG_WARN_BOOL_CONVERSION = YES;
				CLANG_WARN_COMMA = YES;
				CLANG_WARN_CONSTANT_CONVERSION = YES;
				CLANG_WARN_DEPRECATED_OBJC_IMPLEMENTATIONS = YES;
				CLANG_WARN_DIRECT_OBJC_ISA_USAGE = YES_ERROR;
				CLANG_WARN_DOCUMENTATION_COMMENTS = YES;
				CLANG_WARN_EMPTY_BODY = YES;
				CLANG_WARN_ENUM_CONVERSION = YES;
				CLANG_WARN_INFINITE_RECURSION = YES;
				CLANG_WARN_INT_CONVERSION = YES;
				CLANG_WARN_NON_LITERAL_NULL_CONVERSION = YES;
				CLANG_WARN_OBJC_IMPLICIT_RETAIN_SELF = YES;
				CLANG_WARN_OBJC_LITERAL_CONVERSION = YES;
				CLANG_WARN_OBJC_ROOT_CLASS = YES_ERROR;
				CLANG_WARN_QUOTED_INCLUDE_IN_FRAMEWORK_HEADER = YES;
				CLANG_WARN_RANGE_LOOP_ANALYSIS = YES;
				CLANG_WARN_STRICT_PROTOTYPES = YES;
				CLANG_WARN_SUSPICIOUS_MOVE = YES;
				CLANG_WARN_UNGUARDED_AVAILABILITY = YES_AGGRESSIVE;
				CLANG_WARN_UNREACHABLE_CODE = YES;
				CLANG_WARN__DUPLICATE_METHOD_MATCH = YES;
				COPY_PHASE_STRIP = NO;
				DEBUG_INFORMATION_FORMAT = "dwarf-with-dsym";
				ENABLE_NS_ASSERTIONS = NO;
				ENABLE_STRICT_OBJC_MSGSEND = YES;
				GCC_C_LANGUAGE_STANDARD = gnu11;
				GCC_NO_COMMON_BLOCKS = YES;
				GCC_WARN_64_TO_32_BIT_CONVERSION = YES;
				GCC_WARN_ABOUT_RETURN_TYPE = YES_ERROR;
				GCC_WARN_UNDECLARED_SELECTOR = YES;
				GCC_WARN_UNINITIALIZED_AUTOS = YES_AGGRESSIVE;
				GCC_WARN_UNUSED_FUNCTION = YES;
				GCC_WARN_UNUSED_VARIABLE = YES;
				MACOSX_DEPLOYMENT_TARGET = 11.3;
				MTL_ENABLE_DEBUG_INFO = NO;
				MTL_FAST_MATH = YES;
				SDKROOT = macosx;
				SWIFT_COMPILATION_MODE = wholemodule;
				SWIFT_OPTIMIZATION_LEVEL = "-O";
			};
			name = Release;
		};
		BFEBDAE526F6FEB600149368 /* Debug */ = {
			isa = XCBuildConfiguration;
			buildSettings = {
				CODE_SIGN_STYLE = Automatic;
				DEVELOPMENT_TEAM = G99VW8TP32;
				ENABLE_HARDENED_RUNTIME = YES;
				PRODUCT_NAME = "$(TARGET_NAME)";
				SWIFT_VERSION = 5.0;
			};
			name = Debug;
		};
		BFEBDAE626F6FEB600149368 /* Release */ = {
			isa = XCBuildConfiguration;
			buildSettings = {
				CODE_SIGN_STYLE = Automatic;
				DEVELOPMENT_TEAM = G99VW8TP32;
				ENABLE_HARDENED_RUNTIME = YES;
				PRODUCT_NAME = "$(TARGET_NAME)";
				SWIFT_VERSION = 5.0;
			};
			name = Release;
		};
/* End XCBuildConfiguration section */

/* Begin XCConfigurationList section */
		BFEBDAD826F6FEB600149368 /* Build configuration list for PBXProject "ProblemSolving" */ = {
			isa = XCConfigurationList;
			buildConfigurations = (
				BFEBDAE226F6FEB600149368 /* Debug */,
				BFEBDAE326F6FEB600149368 /* Release */,
			);
			defaultConfigurationIsVisible = 0;
			defaultConfigurationName = Release;
		};
		BFEBDAE426F6FEB600149368 /* Build configuration list for PBXNativeTarget "ProblemSolving" */ = {
			isa = XCConfigurationList;
			buildConfigurations = (
				BFEBDAE526F6FEB600149368 /* Debug */,
				BFEBDAE626F6FEB600149368 /* Release */,
			);
			defaultConfigurationIsVisible = 0;
			defaultConfigurationName = Release;
		};
/* End XCConfigurationList section */
	};
	rootObject = BFEBDAD526F6FEB600149368 /* Project object */;
}
